{
  "name": "npm-git-test-project",
  "version": "1.0.0",
  "lockfileVersion": 1,
  "requires": true,
  "dependencies": {
    "npm-git-test-dep1": {
      "version": "git+ssh://git@github.com/mjs2020/npm-git-test-dep1.git#259ee70dd39655907684321a137cc740913a4eab",
      "from": "git+ssh://git@github.com/mjs2020/npm-git-test-dep1.git#v1.0.1",
      "requires": {
        "npm-git-test-dep2": "git+ssh://git@github.com/mjs2020/npm-git-test-dep2.git#070ca902e392b96a3f4848428af9cf3f6da7c6b6"
      }
    },
    "npm-git-test-dep2": {
      "version": "git+ssh://git@github.com/mjs2020/npm-git-test-dep2.git#070ca902e392b96a3f4848428af9cf3f6da7c6b6",
      "from": "git+ssh://git@github.com/mjs2020/npm-git-test-dep2.git#v1.0.1"
    }
  }
}
